
Microsoft Visual Studio Solution File, Format Version 12.00
# Visual Studio Version 17
VisualStudioVersion = 17.11.35327.3
MinimumVisualStudioVersion = 10.0.40219.1
Project("{FAE04EC0-301F-11D3-BF4B-00C04F79EFBC}") = "AudioPlayerFrontendWpf", "AudioPlayerFrontendWpf\AudioPlayerFrontendWpf.csproj", "{3BD2AD05-5BC2-4A38-9728-AFAB3D8AC73F}"
EndProject
Project("{9A19103F-16F7-4668-BE54-9A1E7A4F7556}") = "AudioPlayerBackendLib", "AudioPlayerBackendLib\AudioPlayerBackendLib.csproj", "{11301DB7-5A97-4007-9A09-2354BEED882C}"
EndProject
Project("{FAE04EC0-301F-11D3-BF4B-00C04F79EFBC}") = "StdOttFrameworkLib", "..\StdOttLib\StdOttFrameworkLib\StdOttFrameworkLib.csproj", "{D1334524-78A5-4D16-93BF-27A57C6DBE56}"
EndProject
Project("{9A19103F-16F7-4668-BE54-9A1E7A4F7556}") = "StdOttStandardLib", "..\StdOttLib\StdOttStandardLib\StdOttStandardLib.csproj", "{E9F33045-17A5-4AB5-9550-257DE87641E0}"
EndProject
Project("{FAE04EC0-301F-11D3-BF4B-00C04F79EFBC}") = "StdOttUwpLib", "..\StdOttLib\StdOttUwpLib\StdOttUwpLib.csproj", "{CCF443C5-95A3-4DCD-8468-B71CE49D0206}"
EndProject
Project("{FAE04EC0-301F-11D3-BF4B-00C04F79EFBC}") = "AudioPlayerFrontendUwp", "AudioPlayerFrontendUwp\AudioPlayerFrontendUwp.csproj", "{4CC97E78-23C0-49B6-909E-CFC8C38A3666}"
EndProject
Project("{FAE04EC0-301F-11D3-BF4B-00C04F79EFBC}") = "AudioPlayerBackendUWP", "AudioPlayerBackendUWP\AudioPlayerBackendUWP.csproj", "{674CDF86-A70E-4CB5-B39D-B0E75DF26DE6}"
EndProject
Project("{FAE04EC0-301F-11D3-BF4B-00C04F79EFBC}") = "AudioPlayerBackendUwpLib", "AudioPlayerBackendUwpLib\AudioPlayerBackendUwpLib.csproj", "{76B652CB-FD8E-4BA5-BA80-996AD4F22DDB}"
EndProject
Global
	GlobalSection(SolutionConfigurationPlatforms) = preSolution
		Debug|Any CPU = Debug|Any CPU
		Debug|ARM = Debug|ARM
		Debug|ARM64 = Debug|ARM64
		Debug|x64 = Debug|x64
		Debug|x86 = Debug|x86
		Release|Any CPU = Release|Any CPU
		Release|ARM = Release|ARM
		Release|ARM64 = Release|ARM64
		Release|x64 = Release|x64
		Release|x86 = Release|x86
	EndGlobalSection
	GlobalSection(ProjectConfigurationPlatforms) = postSolution
		{3BD2AD05-5BC2-4A38-9728-AFAB3D8AC73F}.Debug|Any CPU.ActiveCfg = Debug|Any CPU
		{3BD2AD05-5BC2-4A38-9728-AFAB3D8AC73F}.Debug|Any CPU.Build.0 = Debug|Any CPU
		{3BD2AD05-5BC2-4A38-9728-AFAB3D8AC73F}.Debug|ARM.ActiveCfg = Debug|Any CPU
		{3BD2AD05-5BC2-4A38-9728-AFAB3D8AC73F}.Debug|ARM.Build.0 = Debug|Any CPU
		{3BD2AD05-5BC2-4A38-9728-AFAB3D8AC73F}.Debug|ARM64.ActiveCfg = Debug|Any CPU
		{3BD2AD05-5BC2-4A38-9728-AFAB3D8AC73F}.Debug|ARM64.Build.0 = Debug|Any CPU
		{3BD2AD05-5BC2-4A38-9728-AFAB3D8AC73F}.Debug|x64.ActiveCfg = Debug|Any CPU
		{3BD2AD05-5BC2-4A38-9728-AFAB3D8AC73F}.Debug|x64.Build.0 = Debug|Any CPU
		{3BD2AD05-5BC2-4A38-9728-AFAB3D8AC73F}.Debug|x86.ActiveCfg = Debug|Any CPU
		{3BD2AD05-5BC2-4A38-9728-AFAB3D8AC73F}.Debug|x86.Build.0 = Debug|Any CPU
		{3BD2AD05-5BC2-4A38-9728-AFAB3D8AC73F}.Release|Any CPU.ActiveCfg = Release|Any CPU
		{3BD2AD05-5BC2-4A38-9728-AFAB3D8AC73F}.Release|Any CPU.Build.0 = Release|Any CPU
		{3BD2AD05-5BC2-4A38-9728-AFAB3D8AC73F}.Release|ARM.ActiveCfg = Release|Any CPU
		{3BD2AD05-5BC2-4A38-9728-AFAB3D8AC73F}.Release|ARM.Build.0 = Release|Any CPU
		{3BD2AD05-5BC2-4A38-9728-AFAB3D8AC73F}.Release|ARM64.ActiveCfg = Release|Any CPU
		{3BD2AD05-5BC2-4A38-9728-AFAB3D8AC73F}.Release|ARM64.Build.0 = Release|Any CPU
		{3BD2AD05-5BC2-4A38-9728-AFAB3D8AC73F}.Release|x64.ActiveCfg = Release|Any CPU
		{3BD2AD05-5BC2-4A38-9728-AFAB3D8AC73F}.Release|x64.Build.0 = Release|Any CPU
		{3BD2AD05-5BC2-4A38-9728-AFAB3D8AC73F}.Release|x86.ActiveCfg = Release|Any CPU
		{3BD2AD05-5BC2-4A38-9728-AFAB3D8AC73F}.Release|x86.Build.0 = Release|Any CPU
		{11301DB7-5A97-4007-9A09-2354BEED882C}.Debug|Any CPU.ActiveCfg = Debug|Any CPU
		{11301DB7-5A97-4007-9A09-2354BEED882C}.Debug|Any CPU.Build.0 = Debug|Any CPU
		{11301DB7-5A97-4007-9A09-2354BEED882C}.Debug|ARM.ActiveCfg = Debug|Any CPU
		{11301DB7-5A97-4007-9A09-2354BEED882C}.Debug|ARM.Build.0 = Debug|Any CPU
		{11301DB7-5A97-4007-9A09-2354BEED882C}.Debug|ARM64.ActiveCfg = Debug|Any CPU
		{11301DB7-5A97-4007-9A09-2354BEED882C}.Debug|ARM64.Build.0 = Debug|Any CPU
		{11301DB7-5A97-4007-9A09-2354BEED882C}.Debug|x64.ActiveCfg = Debug|Any CPU
		{11301DB7-5A97-4007-9A09-2354BEED882C}.Debug|x64.Build.0 = Debug|Any CPU
		{11301DB7-5A97-4007-9A09-2354BEED882C}.Debug|x86.ActiveCfg = Debug|Any CPU
		{11301DB7-5A97-4007-9A09-2354BEED882C}.Debug|x86.Build.0 = Debug|Any CPU
		{11301DB7-5A97-4007-9A09-2354BEED882C}.Release|Any CPU.ActiveCfg = Release|Any CPU
		{11301DB7-5A97-4007-9A09-2354BEED882C}.Release|Any CPU.Build.0 = Release|Any CPU
		{11301DB7-5A97-4007-9A09-2354BEED882C}.Release|ARM.ActiveCfg = Release|Any CPU
		{11301DB7-5A97-4007-9A09-2354BEED882C}.Release|ARM.Build.0 = Release|Any CPU
		{11301DB7-5A97-4007-9A09-2354BEED882C}.Release|ARM64.ActiveCfg = Release|Any CPU
		{11301DB7-5A97-4007-9A09-2354BEED882C}.Release|ARM64.Build.0 = Release|Any CPU
		{11301DB7-5A97-4007-9A09-2354BEED882C}.Release|x64.ActiveCfg = Release|Any CPU
		{11301DB7-5A97-4007-9A09-2354BEED882C}.Release|x64.Build.0 = Release|Any CPU
		{11301DB7-5A97-4007-9A09-2354BEED882C}.Release|x86.ActiveCfg = Release|Any CPU
		{11301DB7-5A97-4007-9A09-2354BEED882C}.Release|x86.Build.0 = Release|Any CPU
		{D1334524-78A5-4D16-93BF-27A57C6DBE56}.Debug|Any CPU.ActiveCfg = Debug|Any CPU
		{D1334524-78A5-4D16-93BF-27A57C6DBE56}.Debug|Any CPU.Build.0 = Debug|Any CPU
		{D1334524-78A5-4D16-93BF-27A57C6DBE56}.Debug|ARM.ActiveCfg = Debug|Any CPU
		{D1334524-78A5-4D16-93BF-27A57C6DBE56}.Debug|ARM.Build.0 = Debug|Any CPU
		{D1334524-78A5-4D16-93BF-27A57C6DBE56}.Debug|ARM64.ActiveCfg = Debug|Any CPU
		{D1334524-78A5-4D16-93BF-27A57C6DBE56}.Debug|ARM64.Build.0 = Debug|Any CPU
		{D1334524-78A5-4D16-93BF-27A57C6DBE56}.Debug|x64.ActiveCfg = Debug|Any CPU
		{D1334524-78A5-4D16-93BF-27A57C6DBE56}.Debug|x64.Build.0 = Debug|Any CPU
		{D1334524-78A5-4D16-93BF-27A57C6DBE56}.Debug|x86.ActiveCfg = Debug|Any CPU
		{D1334524-78A5-4D16-93BF-27A57C6DBE56}.Debug|x86.Build.0 = Debug|Any CPU
		{D1334524-78A5-4D16-93BF-27A57C6DBE56}.Release|Any CPU.ActiveCfg = Release|Any CPU
		{D1334524-78A5-4D16-93BF-27A57C6DBE56}.Release|Any CPU.Build.0 = Release|Any CPU
		{D1334524-78A5-4D16-93BF-27A57C6DBE56}.Release|ARM.ActiveCfg = Release|Any CPU
		{D1334524-78A5-4D16-93BF-27A57C6DBE56}.Release|ARM.Build.0 = Release|Any CPU
		{D1334524-78A5-4D16-93BF-27A57C6DBE56}.Release|ARM64.ActiveCfg = Release|Any CPU
		{D1334524-78A5-4D16-93BF-27A57C6DBE56}.Release|ARM64.Build.0 = Release|Any CPU
		{D1334524-78A5-4D16-93BF-27A57C6DBE56}.Release|x64.ActiveCfg = Release|Any CPU
		{D1334524-78A5-4D16-93BF-27A57C6DBE56}.Release|x64.Build.0 = Release|Any CPU
		{D1334524-78A5-4D16-93BF-27A57C6DBE56}.Release|x86.ActiveCfg = Release|Any CPU
		{D1334524-78A5-4D16-93BF-27A57C6DBE56}.Release|x86.Build.0 = Release|Any CPU
		{E9F33045-17A5-4AB5-9550-257DE87641E0}.Debug|Any CPU.ActiveCfg = Debug|Any CPU
		{E9F33045-17A5-4AB5-9550-257DE87641E0}.Debug|Any CPU.Build.0 = Debug|Any CPU
		{E9F33045-17A5-4AB5-9550-257DE87641E0}.Debug|ARM.ActiveCfg = Debug|Any CPU
		{E9F33045-17A5-4AB5-9550-257DE87641E0}.Debug|ARM.Build.0 = Debug|Any CPU
		{E9F33045-17A5-4AB5-9550-257DE87641E0}.Debug|ARM64.ActiveCfg = Debug|Any CPU
		{E9F33045-17A5-4AB5-9550-257DE87641E0}.Debug|ARM64.Build.0 = Debug|Any CPU
		{E9F33045-17A5-4AB5-9550-257DE87641E0}.Debug|x64.ActiveCfg = Debug|Any CPU
		{E9F33045-17A5-4AB5-9550-257DE87641E0}.Debug|x64.Build.0 = Debug|Any CPU
		{E9F33045-17A5-4AB5-9550-257DE87641E0}.Debug|x86.ActiveCfg = Debug|Any CPU
		{E9F33045-17A5-4AB5-9550-257DE87641E0}.Debug|x86.Build.0 = Debug|Any CPU
		{E9F33045-17A5-4AB5-9550-257DE87641E0}.Release|Any CPU.ActiveCfg = Release|Any CPU
		{E9F33045-17A5-4AB5-9550-257DE87641E0}.Release|Any CPU.Build.0 = Release|Any CPU
		{E9F33045-17A5-4AB5-9550-257DE87641E0}.Release|ARM.ActiveCfg = Release|Any CPU
		{E9F33045-17A5-4AB5-9550-257DE87641E0}.Release|ARM.Build.0 = Release|Any CPU
		{E9F33045-17A5-4AB5-9550-257DE87641E0}.Release|ARM64.ActiveCfg = Release|Any CPU
		{E9F33045-17A5-4AB5-9550-257DE87641E0}.Release|ARM64.Build.0 = Release|Any CPU
		{E9F33045-17A5-4AB5-9550-257DE87641E0}.Release|x64.ActiveCfg = Release|Any CPU
		{E9F33045-17A5-4AB5-9550-257DE87641E0}.Release|x64.Build.0 = Release|Any CPU
		{E9F33045-17A5-4AB5-9550-257DE87641E0}.Release|x86.ActiveCfg = Release|Any CPU
		{E9F33045-17A5-4AB5-9550-257DE87641E0}.Release|x86.Build.0 = Release|Any CPU
		{CCF443C5-95A3-4DCD-8468-B71CE49D0206}.Debug|Any CPU.ActiveCfg = Debug|Any CPU
		{CCF443C5-95A3-4DCD-8468-B71CE49D0206}.Debug|Any CPU.Build.0 = Debug|Any CPU
		{CCF443C5-95A3-4DCD-8468-B71CE49D0206}.Debug|ARM.ActiveCfg = Debug|ARM
		{CCF443C5-95A3-4DCD-8468-B71CE49D0206}.Debug|ARM.Build.0 = Debug|ARM
		{CCF443C5-95A3-4DCD-8468-B71CE49D0206}.Debug|ARM64.ActiveCfg = Debug|Any CPU
		{CCF443C5-95A3-4DCD-8468-B71CE49D0206}.Debug|ARM64.Build.0 = Debug|Any CPU
		{CCF443C5-95A3-4DCD-8468-B71CE49D0206}.Debug|x64.ActiveCfg = Debug|x64
		{CCF443C5-95A3-4DCD-8468-B71CE49D0206}.Debug|x64.Build.0 = Debug|x64
		{CCF443C5-95A3-4DCD-8468-B71CE49D0206}.Debug|x86.ActiveCfg = Debug|x86
		{CCF443C5-95A3-4DCD-8468-B71CE49D0206}.Debug|x86.Build.0 = Debug|x86
		{CCF443C5-95A3-4DCD-8468-B71CE49D0206}.Release|Any CPU.ActiveCfg = Release|Any CPU
		{CCF443C5-95A3-4DCD-8468-B71CE49D0206}.Release|Any CPU.Build.0 = Release|Any CPU
		{CCF443C5-95A3-4DCD-8468-B71CE49D0206}.Release|ARM.ActiveCfg = Release|ARM
		{CCF443C5-95A3-4DCD-8468-B71CE49D0206}.Release|ARM.Build.0 = Release|ARM
		{CCF443C5-95A3-4DCD-8468-B71CE49D0206}.Release|ARM64.ActiveCfg = Release|Any CPU
		{CCF443C5-95A3-4DCD-8468-B71CE49D0206}.Release|ARM64.Build.0 = Release|Any CPU
		{CCF443C5-95A3-4DCD-8468-B71CE49D0206}.Release|x64.ActiveCfg = Release|x64
		{CCF443C5-95A3-4DCD-8468-B71CE49D0206}.Release|x64.Build.0 = Release|x64
		{CCF443C5-95A3-4DCD-8468-B71CE49D0206}.Release|x86.ActiveCfg = Release|x86
		{CCF443C5-95A3-4DCD-8468-B71CE49D0206}.Release|x86.Build.0 = Release|x86
		{4CC97E78-23C0-49B6-909E-CFC8C38A3666}.Debug|Any CPU.ActiveCfg = Debug|x86
		{4CC97E78-23C0-49B6-909E-CFC8C38A3666}.Debug|ARM.ActiveCfg = Debug|ARM
		{4CC97E78-23C0-49B6-909E-CFC8C38A3666}.Debug|ARM.Build.0 = Debug|ARM
		{4CC97E78-23C0-49B6-909E-CFC8C38A3666}.Debug|ARM.Deploy.0 = Debug|ARM
		{4CC97E78-23C0-49B6-909E-CFC8C38A3666}.Debug|ARM64.ActiveCfg = Debug|x64
		{4CC97E78-23C0-49B6-909E-CFC8C38A3666}.Debug|ARM64.Build.0 = Debug|x64
		{4CC97E78-23C0-49B6-909E-CFC8C38A3666}.Debug|ARM64.Deploy.0 = Debug|x64
		{4CC97E78-23C0-49B6-909E-CFC8C38A3666}.Debug|x64.ActiveCfg = Debug|x64
		{4CC97E78-23C0-49B6-909E-CFC8C38A3666}.Debug|x64.Build.0 = Debug|x64
		{4CC97E78-23C0-49B6-909E-CFC8C38A3666}.Debug|x64.Deploy.0 = Debug|x64
		{4CC97E78-23C0-49B6-909E-CFC8C38A3666}.Debug|x86.ActiveCfg = Debug|x86
		{4CC97E78-23C0-49B6-909E-CFC8C38A3666}.Debug|x86.Build.0 = Debug|x86
		{4CC97E78-23C0-49B6-909E-CFC8C38A3666}.Debug|x86.Deploy.0 = Debug|x86
		{4CC97E78-23C0-49B6-909E-CFC8C38A3666}.Release|Any CPU.ActiveCfg = Release|x86
		{4CC97E78-23C0-49B6-909E-CFC8C38A3666}.Release|ARM.ActiveCfg = Release|ARM
		{4CC97E78-23C0-49B6-909E-CFC8C38A3666}.Release|ARM.Build.0 = Release|ARM
		{4CC97E78-23C0-49B6-909E-CFC8C38A3666}.Release|ARM.Deploy.0 = Release|ARM
		{4CC97E78-23C0-49B6-909E-CFC8C38A3666}.Release|ARM64.ActiveCfg = Release|x64
		{4CC97E78-23C0-49B6-909E-CFC8C38A3666}.Release|ARM64.Build.0 = Release|x64
		{4CC97E78-23C0-49B6-909E-CFC8C38A3666}.Release|ARM64.Deploy.0 = Release|x64
		{4CC97E78-23C0-49B6-909E-CFC8C38A3666}.Release|x64.ActiveCfg = Release|x64
		{4CC97E78-23C0-49B6-909E-CFC8C38A3666}.Release|x64.Build.0 = Release|x64
		{4CC97E78-23C0-49B6-909E-CFC8C38A3666}.Release|x64.Deploy.0 = Release|x64
		{4CC97E78-23C0-49B6-909E-CFC8C38A3666}.Release|x86.ActiveCfg = Release|x86
		{4CC97E78-23C0-49B6-909E-CFC8C38A3666}.Release|x86.Build.0 = Release|x86
		{4CC97E78-23C0-49B6-909E-CFC8C38A3666}.Release|x86.Deploy.0 = Release|x86
		{674CDF86-A70E-4CB5-B39D-B0E75DF26DE6}.Debug|Any CPU.ActiveCfg = Debug|Any CPU
		{674CDF86-A70E-4CB5-B39D-B0E75DF26DE6}.Debug|Any CPU.Build.0 = Debug|Any CPU
		{674CDF86-A70E-4CB5-B39D-B0E75DF26DE6}.Debug|ARM.ActiveCfg = Debug|ARM
		{674CDF86-A70E-4CB5-B39D-B0E75DF26DE6}.Debug|ARM.Build.0 = Debug|ARM
		{674CDF86-A70E-4CB5-B39D-B0E75DF26DE6}.Debug|ARM64.ActiveCfg = Debug|ARM64
		{674CDF86-A70E-4CB5-B39D-B0E75DF26DE6}.Debug|ARM64.Build.0 = Debug|ARM64
		{674CDF86-A70E-4CB5-B39D-B0E75DF26DE6}.Debug|x64.ActiveCfg = Debug|x64
		{674CDF86-A70E-4CB5-B39D-B0E75DF26DE6}.Debug|x64.Build.0 = Debug|x64
		{674CDF86-A70E-4CB5-B39D-B0E75DF26DE6}.Debug|x86.ActiveCfg = Debug|x86
		{674CDF86-A70E-4CB5-B39D-B0E75DF26DE6}.Debug|x86.Build.0 = Debug|x86
		{674CDF86-A70E-4CB5-B39D-B0E75DF26DE6}.Release|Any CPU.ActiveCfg = Release|Any CPU
		{674CDF86-A70E-4CB5-B39D-B0E75DF26DE6}.Release|Any CPU.Build.0 = Release|Any CPU
		{674CDF86-A70E-4CB5-B39D-B0E75DF26DE6}.Release|ARM.ActiveCfg = Release|ARM
		{674CDF86-A70E-4CB5-B39D-B0E75DF26DE6}.Release|ARM.Build.0 = Release|ARM
		{674CDF86-A70E-4CB5-B39D-B0E75DF26DE6}.Release|ARM64.ActiveCfg = Release|ARM64
		{674CDF86-A70E-4CB5-B39D-B0E75DF26DE6}.Release|ARM64.Build.0 = Release|ARM64
		{674CDF86-A70E-4CB5-B39D-B0E75DF26DE6}.Release|x64.ActiveCfg = Release|x64
		{674CDF86-A70E-4CB5-B39D-B0E75DF26DE6}.Release|x64.Build.0 = Release|x64
		{674CDF86-A70E-4CB5-B39D-B0E75DF26DE6}.Release|x86.ActiveCfg = Release|x86
		{674CDF86-A70E-4CB5-B39D-B0E75DF26DE6}.Release|x86.Build.0 = Release|x86
		{76B652CB-FD8E-4BA5-BA80-996AD4F22DDB}.Debug|Any CPU.ActiveCfg = Debug|Any CPU
		{76B652CB-FD8E-4BA5-BA80-996AD4F22DDB}.Debug|Any CPU.Build.0 = Debug|Any CPU
		{76B652CB-FD8E-4BA5-BA80-996AD4F22DDB}.Debug|ARM.ActiveCfg = Debug|ARM
		{76B652CB-FD8E-4BA5-BA80-996AD4F22DDB}.Debug|ARM.Build.0 = Debug|ARM
		{76B652CB-FD8E-4BA5-BA80-996AD4F22DDB}.Debug|ARM64.ActiveCfg = Debug|ARM64
		{76B652CB-FD8E-4BA5-BA80-996AD4F22DDB}.Debug|ARM64.Build.0 = Debug|ARM64
		{76B652CB-FD8E-4BA5-BA80-996AD4F22DDB}.Debug|x64.ActiveCfg = Debug|x64
		{76B652CB-FD8E-4BA5-BA80-996AD4F22DDB}.Debug|x64.Build.0 = Debug|x64
		{76B652CB-FD8E-4BA5-BA80-996AD4F22DDB}.Debug|x86.ActiveCfg = Debug|x86
		{76B652CB-FD8E-4BA5-BA80-996AD4F22DDB}.Debug|x86.Build.0 = Debug|x86
		{76B652CB-FD8E-4BA5-BA80-996AD4F22DDB}.Release|Any CPU.ActiveCfg = Release|Any CPU
		{76B652CB-FD8E-4BA5-BA80-996AD4F22DDB}.Release|Any CPU.Build.0 = Release|Any CPU
		{76B652CB-FD8E-4BA5-BA80-996AD4F22DDB}.Release|ARM.ActiveCfg = Release|ARM
		{76B652CB-FD8E-4BA5-BA80-996AD4F22DDB}.Release|ARM.Build.0 = Release|ARM
		{76B652CB-FD8E-4BA5-BA80-996AD4F22DDB}.Release|ARM64.ActiveCfg = Release|ARM64
		{76B652CB-FD8E-4BA5-BA80-996AD4F22DDB}.Release|ARM64.Build.0 = Release|ARM64
		{76B652CB-FD8E-4BA5-BA80-996AD4F22DDB}.Release|x64.ActiveCfg = Release|x64
		{76B652CB-FD8E-4BA5-BA80-996AD4F22DDB}.Release|x64.Build.0 = Release|x64
		{76B652CB-FD8E-4BA5-BA80-996AD4F22DDB}.Release|x86.ActiveCfg = Release|x86
		{76B652CB-FD8E-4BA5-BA80-996AD4F22DDB}.Release|x86.Build.0 = Release|x86
	EndGlobalSection
	GlobalSection(SolutionProperties) = preSolution
		HideSolutionNode = FALSE
	EndGlobalSection
	GlobalSection(ExtensibilityGlobals) = postSolution
		SolutionGuid = {14D15564-D49D-4354-977E-F25846BE85E7}
	EndGlobalSection
EndGlobal
